// !$*UTF8*$!
{
	archiveVersion = 1;
	classes = {
	};
	objectVersion = 56;
	objects = {

/* Begin PBXBuildFile section */
		2237F9ADA9444F7B8072CAD8 /* ContributionGraphView.swift in Sources */ = {isa = PBXBuildFile; fileRef = 29237EBB77824969945873C1 /* ContributionGraphView.swift */; };
		48689D732E427D2700B8991C /* HabiticaAPI.swift in Sources */ = {isa = PBXBuildFile; fileRef = 48689D712E427D2700B8991C /* HabiticaAPI.swift */; };
		48689D742E427D2700B8991C /* HabiticaModels.swift in Sources */ = {isa = PBXBuildFile; fileRef = 48689D722E427D2700B8991C /* HabiticaModels.swift */; };
		48689D752E427D2700B8991C /* DataManager.swift in Sources */ = {isa = PBXBuildFile; fileRef = 48689D702E427D2700B8991C /* DataManager.swift */; };
		A1001 /* StrikeChartApp.swift in Sources */ = {isa = PBXBuildFile; fileRef = A1002 /* StrikeChartApp.swift */; };
		A1003 /* ContentView.swift in Sources */ = {isa = PBXBuildFile; fileRef = A1004 /* ContentView.swift */; };
		A1005 /* Assets.xcassets in Resources */ = {isa = PBXBuildFile; fileRef = A1006 /* Assets.xcassets */; };
		A1007 /* Preview Assets.xcassets in Resources */ = {isa = PBXBuildFile; fileRef = A1008 /* Preview Assets.xcassets */; };
		A1009 /* WidgetKit.framework in Frameworks */ = {isa = PBXBuildFile; fileRef = A1010 /* WidgetKit.framework */; };
		A1011 /* SwiftUI.framework in Frameworks */ = {isa = PBXBuildFile; fileRef = A1012 /* SwiftUI.framework */; };
		A1013 /* HabitWidgetBundle.swift in Sources */ = {isa = PBXBuildFile; fileRef = A1014 /* HabitWidgetBundle.swift */; };
		A1015 /* HabitWidget.swift in Sources */ = {isa = PBXBuildFile; fileRef = A1016 /* HabitWidget.swift */; };
		A1017 /* Assets.xcassets in Resources */ = {isa = PBXBuildFile; fileRef = A1006 /* Assets.xcassets */; };
		A1022 /* HabitWidgetExtension.appex in Embed Foundation Extensions */ = {isa = PBXBuildFile; fileRef = A1025 /* HabitWidgetExtension.appex */; settings = {ATTRIBUTES = (RemoveHeadersOnCopy, ); }; };
		A98DE847DE3E4CD7BE7C6B1C /* LoginView.swift in Sources */ = {isa = PBXBuildFile; fileRef = B93BA28B5A87435699417C45 /* LoginView.swift */; };
		E3816EEACD9B4E189F230E13 /* HabitSelectionView.swift in Sources */ = {isa = PBXBuildFile; fileRef = B4A6B00081D34430B13D529A /* HabitSelectionView.swift */; };
/* End PBXBuildFile section */

/* Begin PBXContainerItemProxy section */
		A1018 /* PBXContainerItemProxy */ = {
			isa = PBXContainerItemProxy;
			containerPortal = A1019 /* Project object */;
			proxyType = 1;
			remoteGlobalIDString = A1020;
			remoteInfo = StrikeChart;
		};
/* End PBXContainerItemProxy section */

/* Begin PBXCopyFilesBuildPhase section */
		A1021 /* Embed Foundation Extensions */ = {
			isa = PBXCopyFilesBuildPhase;
			buildActionMask = 2147483647;
			dstPath = "";
			dstSubfolderSpec = 13;
			files = (
				A1022 /* HabitWidgetExtension.appex in Embed Foundation Extensions */,
			);
			name = "Embed Foundation Extensions";
			runOnlyForDeploymentPostprocessing = 0;
		};
/* End PBXCopyFilesBuildPhase section */

/* Begin PBXFileReference section */
		29237EBB77824969945873C1 /* ContributionGraphView.swift */ = {isa = PBXFileReference; lastKnownFileType = sourcecode.swift; path = ContributionGraphView.swift; sourceTree = "<group>"; };
		48689D702E427D2700B8991C /* DataManager.swift */ = {isa = PBXFileReference; lastKnownFileType = sourcecode.swift; path = DataManager.swift; sourceTree = "<group>"; };
		48689D712E427D2700B8991C /* HabiticaAPI.swift */ = {isa = PBXFileReference; lastKnownFileType = sourcecode.swift; path = HabiticaAPI.swift; sourceTree = "<group>"; };
		48689D722E427D2700B8991C /* HabiticaModels.swift */ = {isa = PBXFileReference; lastKnownFileType = sourcecode.swift; path = HabiticaModels.swift; sourceTree = "<group>"; };
		A1002 /* StrikeChartApp.swift */ = {isa = PBXFileReference; lastKnownFileType = sourcecode.swift; path = StrikeChartApp.swift; sourceTree = "<group>"; };
		A1004 /* ContentView.swift */ = {isa = PBXFileReference; lastKnownFileType = sourcecode.swift; path = ContentView.swift; sourceTree = "<group>"; };
		A1006 /* Assets.xcassets */ = {isa = PBXFileReference; lastKnownFileType = folder.assetcatalog; path = Assets.xcassets; sourceTree = "<group>"; };
		A1008 /* Preview Assets.xcassets */ = {isa = PBXFileReference; lastKnownFileType = folder.assetcatalog; path = "Preview Assets.xcassets"; sourceTree = "<group>"; };
		A1010 /* WidgetKit.framework */ = {isa = PBXFileReference; lastKnownFileType = wrapper.framework; name = WidgetKit.framework; path = System/Library/Frameworks/WidgetKit.framework; sourceTree = SDKROOT; };
		A1012 /* SwiftUI.framework */ = {isa = PBXFileReference; lastKnownFileType = wrapper.framework; name = SwiftUI.framework; path = System/Library/Frameworks/SwiftUI.framework; sourceTree = SDKROOT; };
		A1014 /* HabitWidgetBundle.swift */ = {isa = PBXFileReference; lastKnownFileType = sourcecode.swift; path = HabitWidgetBundle.swift; sourceTree = "<group>"; };
		A1016 /* HabitWidget.swift */ = {isa = PBXFileReference; lastKnownFileType = sourcecode.swift; path = HabitWidget.swift; sourceTree = "<group>"; };
		A1023 /* StrikeChart.app */ = {isa = PBXFileReference; explicitFileType = wrapper.application; includeInIndex = 0; path = StrikeChart.app; sourceTree = BUILT_PRODUCTS_DIR; };
		A1024 /* StrikeChart.entitlements */ = {isa = PBXFileReference; lastKnownFileType = text.plist.entitlements; path = StrikeChart.entitlements; sourceTree = "<group>"; };
		A1025 /* HabitWidgetExtension.appex */ = {isa = PBXFileReference; explicitFileType = "wrapper.app-extension"; includeInIndex = 0; path = HabitWidgetExtension.appex; sourceTree = BUILT_PRODUCTS_DIR; };
		A1026 /* HabitWidgetExtension.entitlements */ = {isa = PBXFileReference; lastKnownFileType = text.plist.entitlements; path = HabitWidgetExtension.entitlements; sourceTree = "<group>"; };
		A1027 /* Info.plist */ = {isa = PBXFileReference; lastKnownFileType = text.plist.xml; path = Info.plist; sourceTree = "<group>"; };
		B4A6B00081D34430B13D529A /* HabitSelectionView.swift */ = {isa = PBXFileReference; lastKnownFileType = sourcecode.swift; path = HabitSelectionView.swift; sourceTree = "<group>"; };
		B93BA28B5A87435699417C45 /* LoginView.swift */ = {isa = PBXFileReference; lastKnownFileType = sourcecode.swift; path = LoginView.swift; sourceTree = "<group>"; };
/* End PBXFileReference section */

/* Begin PBXFrameworksBuildPhase section */
		A1028 /* Frameworks */ = {
			isa = PBXFrameworksBuildPhase;
			buildActionMask = 2147483647;
			files = (
			);
			runOnlyForDeploymentPostprocessing = 0;
		};
		A1029 /* Frameworks */ = {
			isa = PBXFrameworksBuildPhase;
			buildActionMask = 2147483647;
			files = (
				A1011 /* SwiftUI.framework in Frameworks */,
				A1009 /* WidgetKit.framework in Frameworks */,
			);
			runOnlyForDeploymentPostprocessing = 0;
		};
/* End PBXFrameworksBuildPhase section */

/* Begin PBXGroup section */
		74A7E04C14274E759E8D67B0 /* Shared */ = {
			isa = PBXGroup;
			children = (
				48689D702E427D2700B8991C /* DataManager.swift */,
				48689D712E427D2700B8991C /* HabiticaAPI.swift */,
				48689D722E427D2700B8991C /* HabiticaModels.swift */,
			);
			path = Shared;
			sourceTree = "<group>";
		};
		A1030 = {
			isa = PBXGroup;
			children = (
				A1031 /* StrikeChart */,
				A1032 /* HabitWidgetExtension */,
				A1033 /* Frameworks */,
				A1034 /* Products */,
				74A7E04C14274E759E8D67B0 /* Shared */,
			);
			sourceTree = "<group>";
		};
		A1031 /* StrikeChart */ = {
			isa = PBXGroup;
			children = (
				A1024 /* StrikeChart.entitlements */,
				A1002 /* StrikeChartApp.swift */,
				A1004 /* ContentView.swift */,
				B93BA28B5A87435699417C45 /* LoginView.swift */,
				B4A6B00081D34430B13D529A /* HabitSelectionView.swift */,
				29237EBB77824969945873C1 /* ContributionGraphView.swift */,
				A1006 /* Assets.xcassets */,
				A1035 /* Preview Content */,
			);
			path = StrikeChart;
			sourceTree = "<group>";
		};
		A1032 /* HabitWidgetExtension */ = {
			isa = PBXGroup;
			children = (
				A1026 /* HabitWidgetExtension.entitlements */,
				A1014 /* HabitWidgetBundle.swift */,
				A1016 /* HabitWidget.swift */,
				A1027 /* Info.plist */,
			);
			path = HabitWidgetExtension;
			sourceTree = "<group>";
		};
		A1033 /* Frameworks */ = {
			isa = PBXGroup;
			children = (
				A1010 /* WidgetKit.framework */,
				A1012 /* SwiftUI.framework */,
			);
			name = Frameworks;
			sourceTree = "<group>";
		};
		A1034 /* Products */ = {
			isa = PBXGroup;
			children = (
				A1023 /* StrikeChart.app */,
				A1025 /* HabitWidgetExtension.appex */,
			);
			name = Products;
			sourceTree = "<group>";
		};
		A1035 /* Preview Content */ = {
			isa = PBXGroup;
			children = (
				A1008 /* Preview Assets.xcassets */,
			);
			path = "Preview Content";
			sourceTree = "<group>";
		};
/* End PBXGroup section */

/* Begin PBXNativeTarget section */
		A1020 /* StrikeChart */ = {
			isa = PBXNativeTarget;
			buildConfigurationList = A1036 /* Build configuration list for PBXNativeTarget "StrikeChart" */;
			buildPhases = (
				A1037 /* Sources */,
				A1028 /* Frameworks */,
				A1038 /* Resources */,
				A1021 /* Embed Foundation Extensions */,
			);
			buildRules = (
			);
			dependencies = (
				A1039 /* PBXTargetDependency */,
			);
			name = StrikeChart;
			productName = StrikeChart;
			productReference = A1023 /* StrikeChart.app */;
			productType = "com.apple.product-type.application";
		};
		A1040 /* HabitWidgetExtension */ = {
			isa = PBXNativeTarget;
			buildConfigurationList = A1041 /* Build configuration list for PBXNativeTarget "HabitWidgetExtension" */;
			buildPhases = (
				A1042 /* Sources */,
				A1029 /* Frameworks */,
				A1043 /* Resources */,
			);
			buildRules = (
			);
			dependencies = (
			);
			name = HabitWidgetExtension;
			productName = HabitWidgetExtension;
			productReference = A1025 /* HabitWidgetExtension.appex */;
			productType = "com.apple.product-type.app-extension";
		};
/* End PBXNativeTarget section */

/* Begin PBXProject section */
		A1019 /* Project object */ = {
			isa = PBXProject;
			attributes = {
				BuildIndependentTargetsInParallel = 1;
				LastSwiftUpdateCheck = 1540;
				LastUpgradeCheck = 1540;
				TargetAttributes = {
					A1020 = {
						CreatedOnToolsVersion = 15.4;
					};
					A1040 = {
						CreatedOnToolsVersion = 15.4;
					};
				};
			};
			buildConfigurationList = A1044 /* Build configuration list for PBXProject "StrikeChart" */;
			compatibilityVersion = "Xcode 14.0";
			developmentRegion = en;
			hasScannedForEncodings = 0;
			knownRegions = (
				en,
				Base,
			);
			mainGroup = A1030;
			productRefGroup = A1034 /* Products */;
			projectDirPath = "";
			projectRoot = "";
			targets = (
				A1020 /* StrikeChart */,
				A1040 /* HabitWidgetExtension */,
			);
		};
/* End PBXProject section */

/* Begin PBXResourcesBuildPhase section */
		A1038 /* Resources */ = {
			isa = PBXResourcesBuildPhase;
			buildActionMask = 2147483647;
			files = (
				A1007 /* Preview Assets.xcassets in Resources */,
				A1005 /* Assets.xcassets in Resources */,
			);
			runOnlyForDeploymentPostprocessing = 0;
		};
		A1043 /* Resources */ = {
			isa = PBXResourcesBuildPhase;
			buildActionMask = 2147483647;
			files = (
				A1017 /* Assets.xcassets in Resources */,
			);
			runOnlyForDeploymentPostprocessing = 0;
		};
/* End PBXResourcesBuildPhase section */

/* Begin PBXSourcesBuildPhase section */
		A1037 /* Sources */ = {
			isa = PBXSourcesBuildPhase;
			buildActionMask = 2147483647;
			files = (
				A1003 /* ContentView.swift in Sources */,
				A1001 /* StrikeChartApp.swift in Sources */,
				A98DE847DE3E4CD7BE7C6B1C /* LoginView.swift in Sources */,
				E3816EEACD9B4E189F230E13 /* HabitSelectionView.swift in Sources */,
				2237F9ADA9444F7B8072CAD8 /* ContributionGraphView.swift in Sources */,
				48689D732E427D2700B8991C /* HabiticaAPI.swift in Sources */,
				48689D742E427D2700B8991C /* HabiticaModels.swift in Sources */,
				48689D752E427D2700B8991C /* DataManager.swift in Sources */,
			);
			runOnlyForDeploymentPostprocessing = 0;
		};
		A1042 /* Sources */ = {
			isa = PBXSourcesBuildPhase;
			buildActionMask = 2147483647;
			files = (
				A1015 /* HabitWidget.swift in Sources */,
				A1013 /* HabitWidgetBundle.swift in Sources */,
			);
			runOnlyForDeploymentPostprocessing = 0;
		};
/* End PBXSourcesBuildPhase section */

/* Begin PBXTargetDependency section */
		A1039 /* PBXTargetDependency */ = {
			isa = PBXTargetDependency;
			target = A1020 /* StrikeChart */;
			targetProxy = A1018 /* PBXContainerItemProxy */;
		};
/* End PBXTargetDependency section */

/* Begin XCBuildConfiguration section */
		A1045 /* Debug */ = {
			isa = XCBuildConfiguration;
			buildSettings = {
				ALWAYS_SEARCH_USER_PATHS = NO;
				ASSETCATALOG_COMPILER_GENERATE_SWIFT_ASSET_SYMBOL_EXTENSIONS = YES;
				CLANG_ANALYZER_NONNULL = YES;
				CLANG_ANALYZER_NUMBER_OBJECT_CONVERSION = YES_AGGRESSIVE;
				CLANG_CXX_LANGUAGE_STANDARD = "gnu++20";
				CLANG_ENABLE_MODULES = YES;
				CLANG_ENABLE_OBJC_ARC = YES;
				CLANG_ENABLE_OBJC_WEAK = YES;
				CLANG_WARN_BLOCK_CAPTURE_AUTORELEASING = YES;
				CLANG_WARN_BOOL_CONVERSION = YES;
				CLANG_WARN_COMMA = YES;
				CLANG_WARN_CONSTANT_CONVERSION = YES;
				CLANG_WARN_DEPRECATED_OBJC_IMPLEMENTATIONS = YES;
				CLANG_WARN_DIRECT_OBJC_ISA_USAGE = YES_ERROR;
				CLANG_WARN_DOCUMENTATION_COMMENTS = YES;
				CLANG_WARN_EMPTY_BODY = YES;
				CLANG_WARN_ENUM_CONVERSION = YES;
				CLANG_WARN_INFINITE_RECURSION = YES;
				CLANG_WARN_INT_CONVERSION = YES;
				CLANG_WARN_NON_LITERAL_NULL_CONVERSION = YES;
				CLANG_WARN_OBJC_IMPLICIT_RETAIN_SELF = YES;
				CLANG_WARN_OBJC_LITERAL_CONVERSION = YES;
				CLANG_WARN_OBJC_ROOT_CLASS = YES_ERROR;
				CLANG_WARN_QUOTED_INCLUDE_IN_FRAMEWORK_HEADER = YES;
				CLANG_WARN_RANGE_LOOP_ANALYSIS = YES;
				CLANG_WARN_STRICT_PROTOTYPES = YES;
				CLANG_WARN_SUSPICIOUS_MOVE = YES;
				CLANG_WARN_UNGUARDED_AVAILABILITY = YES_AGGRESSIVE;
				CLANG_WARN_UNREACHABLE_CODE = YES;
				CLANG_WARN__DUPLICATE_METHOD_MATCH = YES;
				COPY_PHASE_STRIP = NO;
				DEBUG_INFORMATION_FORMAT = dwarf;
				ENABLE_STRICT_OBJC_MSGSEND = YES;
				ENABLE_TESTABILITY = YES;
				ENABLE_USER_SCRIPT_SANDBOXING = YES;
				GCC_C_LANGUAGE_STANDARD = gnu17;
				GCC_DYNAMIC_NO_PIC = NO;
				GCC_NO_COMMON_BLOCKS = YES;
				GCC_OPTIMIZATION_LEVEL = 0;
				GCC_PREPROCESSOR_DEFINITIONS = (
					"DEBUG=1",
					"$(inherited)",
				);
				GCC_WARN_64_TO_32_BIT_CONVERSION = YES;
				GCC_WARN_ABOUT_RETURN_TYPE = YES_ERROR;
				GCC_WARN_UNDECLARED_SELECTOR = YES;
				GCC_WARN_UNINITIALIZED_AUTOS = YES_AGGRESSIVE;
				GCC_WARN_UNUSED_FUNCTION = YES;
				GCC_WARN_UNUSED_VARIABLE = YES;
				IPHONEOS_DEPLOYMENT_TARGET = 16.0;
				LOCALIZATION_PREFERS_STRING_CATALOGS = YES;
				MTL_ENABLE_DEBUG_INFO = INCLUDE_SOURCE;
				MTL_FAST_MATH = YES;
				ONLY_ACTIVE_ARCH = YES;
				SDKROOT = iphoneos;
				SWIFT_ACTIVE_COMPILATION_CONDITIONS = "DEBUG $(inherited)";
				SWIFT_OPTIMIZATION_LEVEL = "-Onone";
			};
			name = Debug;
		};
		A1046 /* Release */ = {
			isa = XCBuildConfiguration;
			buildSettings = {
				ALWAYS_SEARCH_USER_PATHS = NO;
				ASSETCATALOG_COMPILER_GENERATE_SWIFT_ASSET_SYMBOL_EXTENSIONS = YES;
				CLANG_ANALYZER_NONNULL = YES;
				CLANG_ANALYZER_NUMBER_OBJECT_CONVERSION = YES_AGGRESSIVE;
				CLANG_CXX_LANGUAGE_STANDARD = "gnu++20";
				CLANG_ENABLE_MODULES = YES;
				CLANG_ENABLE_OBJC_ARC = YES;
				CLANG_ENABLE_OBJC_WEAK = YES;
				CLANG_WARN_BLOCK_CAPTURE_AUTORELEASING = YES;
				CLANG_WARN_BOOL_CONVERSION = YES;
				CLANG_WARN_COMMA = YES;
				CLANG_WARN_CONSTANT_CONVERSION = YES;
				CLANG_WARN_DEPRECATED_OBJC_IMPLEMENTATIONS = YES;
				CLANG_WARN_DIRECT_OBJC_ISA_USAGE = YES_ERROR;
				CLANG_WARN_DOCUMENTATION_COMMENTS = YES;
				CLANG_WARN_EMPTY_BODY = YES;
				CLANG_WARN_ENUM_CONVERSION = YES;
				CLANG_WARN_INFINITE_RECURSION = YES;
				CLANG_WARN_INT_CONVERSION = YES;
				CLANG_WARN_NON_LITERAL_NULL_CONVERSION = YES;
				CLANG_WARN_OBJC_IMPLICIT_RETAIN_SELF = YES;
				CLANG_WARN_OBJC_LITERAL_CONVERSION = YES;
				CLANG_WARN_OBJC_ROOT_CLASS = YES_ERROR;
				CLANG_WARN_QUOTED_INCLUDE_IN_FRAMEWORK_HEADER = YES;
				CLANG_WARN_RANGE_LOOP_ANALYSIS = YES;
				CLANG_WARN_STRICT_PROTOTYPES = YES;
				CLANG_WARN_SUSPICIOUS_MOVE = YES;
				CLANG_WARN_UNGUARDED_AVAILABILITY = YES_AGGRESSIVE;
				CLANG_WARN_UNREACHABLE_CODE = YES;
				CLANG_WARN__DUPLICATE_METHOD_MATCH = YES;
				COPY_PHASE_STRIP = NO;
				DEBUG_INFORMATION_FORMAT = "dwarf-with-dsym";
				ENABLE_NS_ASSERTIONS = NO;
				ENABLE_STRICT_OBJC_MSGSEND = YES;
				ENABLE_USER_SCRIPT_SANDBOXING = YES;
				GCC_C_LANGUAGE_STANDARD = gnu17;
				GCC_NO_COMMON_BLOCKS = YES;
				GCC_WARN_64_TO_32_BIT_CONVERSION = YES;
				GCC_WARN_ABOUT_RETURN_TYPE = YES_ERROR;
				GCC_WARN_UNDECLARED_SELECTOR = YES;
				GCC_WARN_UNINITIALIZED_AUTOS = YES_AGGRESSIVE;
				GCC_WARN_UNUSED_FUNCTION = YES;
				GCC_WARN_UNUSED_VARIABLE = YES;
				IPHONEOS_DEPLOYMENT_TARGET = 16.0;
				LOCALIZATION_PREFERS_STRING_CATALOGS = YES;
				MTL_ENABLE_DEBUG_INFO = NO;
				MTL_FAST_MATH = YES;
				SDKROOT = iphoneos;
				SWIFT_COMPILATION_MODE = wholemodule;
				VALIDATE_PRODUCT = YES;
			};
			name = Release;
		};
		A1047 /* Debug */ = {
			isa = XCBuildConfiguration;
			buildSettings = {
				ASSETCATALOG_COMPILER_APPICON_NAME = AppIcon;
				ASSETCATALOG_COMPILER_GLOBAL_ACCENT_COLOR_NAME = AccentColor;
				CODE_SIGN_ENTITLEMENTS = StrikeChart/StrikeChart.entitlements;
				CODE_SIGN_STYLE = Automatic;
				CURRENT_PROJECT_VERSION = 1;
				DEVELOPMENT_ASSET_PATHS = "\"StrikeChart/Preview Content\"";
				DEVELOPMENT_TEAM = YTL93G393X;
				ENABLE_PREVIEWS = YES;
				GENERATE_INFOPLIST_FILE = YES;
				INFOPLIST_KEY_UIApplicationSceneManifest_Generation = YES;
				INFOPLIST_KEY_UIApplicationSupportsIndirectInputEvents = YES;
				INFOPLIST_KEY_UILaunchScreen_Generation = YES;
				INFOPLIST_KEY_UISupportedInterfaceOrientations_iPad = "UIInterfaceOrientationPortrait UIInterfaceOrientationPortraitUpsideDown UIInterfaceOrientationLandscapeLeft UIInterfaceOrientationLandscapeRight";
				INFOPLIST_KEY_UISupportedInterfaceOrientations_iPhone = "UIInterfaceOrientationPortrait UIInterfaceOrientationLandscapeLeft UIInterfaceOrientationLandscapeRight";
				LD_RUNPATH_SEARCH_PATHS = (
					"$(inherited)",
					"@executable_path/Frameworks",
				);
				MARKETING_VERSION = 1.0;
				PRODUCT_BUNDLE_IDENTIFIER = com.yourname.StrikeChart;
				PRODUCT_NAME = "$(TARGET_NAME)";
				SWIFT_EMIT_LOC_STRINGS = YES;
				SWIFT_VERSION = 5.0;
				TARGETED_DEVICE_FAMILY = "1,2";
			};
			name = Debug;
		};
		A1048 /* Release */ = {
			isa = XCBuildConfiguration;
			buildSettings = {
				ASSETCATALOG_COMPILER_APPICON_NAME = AppIcon;
				ASSETCATALOG_COMPILER_GLOBAL_ACCENT_COLOR_NAME = AccentColor;
				CODE_SIGN_ENTITLEMENTS = StrikeChart/StrikeChart.entitlements;
				CODE_SIGN_STYLE = Automatic;
				CURRENT_PROJECT_VERSION = 1;
				DEVELOPMENT_ASSET_PATHS = "\"StrikeChart/Preview Content\"";
				DEVELOPMENT_TEAM = YTL93G393X;
				ENABLE_PREVIEWS = YES;
				GENERATE_INFOPLIST_FILE = YES;
				INFOPLIST_KEY_UIApplicationSceneManifest_Generation = YES;
				INFOPLIST_KEY_UIApplicationSupportsIndirectInputEvents = YES;
				INFOPLIST_KEY_UILaunchScreen_Generation = YES;
				INFOPLIST_KEY_UISupportedInterfaceOrientations_iPad = "UIInterfaceOrientationPortrait UIInterfaceOrientationPortraitUpsideDown UIInterfaceOrientationLandscapeLeft UIInterfaceOrientationLandscapeRight";
				INFOPLIST_KEY_UISupportedInterfaceOrientations_iPhone = "UIInterfaceOrientationPortrait UIInterfaceOrientationLandscapeLeft UIInterfaceOrientationLandscapeRight";
				LD_RUNPATH_SEARCH_PATHS = (
					"$(inherited)",
					"@executable_path/Frameworks",
				);
				MARKETING_VERSION = 1.0;
				PRODUCT_BUNDLE_IDENTIFIER = com.yourname.StrikeChart;
				PRODUCT_NAME = "$(TARGET_NAME)";
				SWIFT_EMIT_LOC_STRINGS = YES;
				SWIFT_VERSION = 5.0;
				TARGETED_DEVICE_FAMILY = "1,2";
			};
			name = Release;
		};
		A1049 /* Debug */ = {
			isa = XCBuildConfiguration;
			buildSettings = {
				ASSETCATALOG_COMPILER_GLOBAL_ACCENT_COLOR_NAME = AccentColor;
				ASSETCATALOG_COMPILER_WIDGET_BACKGROUND_COLOR_NAME = WidgetBackground;
				CODE_SIGN_ENTITLEMENTS = HabitWidgetExtension/HabitWidgetExtension.entitlements;
				CODE_SIGN_STYLE = Automatic;
				CURRENT_PROJECT_VERSION = 1;
				DEVELOPMENT_TEAM = YTL93G393X;
				GENERATE_INFOPLIST_FILE = YES;
				INFOPLIST_FILE = HabitWidgetExtension/Info.plist;
				INFOPLIST_KEY_CFBundleDisplayName = HabitWidgetExtension;
				INFOPLIST_KEY_NSHumanReadableCopyright = "";
				LD_RUNPATH_SEARCH_PATHS = (
					"$(inherited)",
					"@executable_path/Frameworks",
					"@executable_path/../../Frameworks",
				);
				MARKETING_VERSION = 1.0;
				PRODUCT_BUNDLE_IDENTIFIER = com.yourname.StrikeChart.HabitWidgetExtension;
				PRODUCT_NAME = "$(TARGET_NAME)";
				SKIP_INSTALL = YES;
				SWIFT_EMIT_LOC_STRINGS = YES;
				SWIFT_VERSION = 5.0;
				TARGETED_DEVICE_FAMILY = "1,2";
			};
			name = Debug;
		};
		A1050 /* Release */ = {
			isa = XCBuildConfiguration;
			buildSettings = {
				ASSETCATALOG_COMPILER_GLOBAL_ACCENT_COLOR_NAME = AccentColor;
				ASSETCATALOG_COMPILER_WIDGET_BACKGROUND_COLOR_NAME = WidgetBackground;
				CODE_SIGN_ENTITLEMENTS = HabitWidgetExtension/HabitWidgetExtension.entitlements;
				CODE_SIGN_STYLE = Automatic;
				CURRENT_PROJECT_VERSION = 1;
				DEVELOPMENT_TEAM = YTL93G393X;
				GENERATE_INFOPLIST_FILE = YES;
				INFOPLIST_FILE = HabitWidgetExtension/Info.plist;
				INFOPLIST_KEY_CFBundleDisplayName = HabitWidgetExtension;
				INFOPLIST_KEY_NSHumanReadableCopyright = "";
				LD_RUNPATH_SEARCH_PATHS = (
					"$(inherited)",
					"@executable_path/Frameworks",
					"@executable_path/../../Frameworks",
				);
				MARKETING_VERSION = 1.0;
				PRODUCT_BUNDLE_IDENTIFIER = com.yourname.StrikeChart.HabitWidgetExtension;
				PRODUCT_NAME = "$(TARGET_NAME)";
				SKIP_INSTALL = YES;
				SWIFT_EMIT_LOC_STRINGS = YES;
				SWIFT_VERSION = 5.0;
				TARGETED_DEVICE_FAMILY = "1,2";
			};
			name = Release;
		};
/* End XCBuildConfiguration section */

/* Begin XCConfigurationList section */
		A1036 /* Build configuration list for PBXNativeTarget "StrikeChart" */ = {
			isa = XCConfigurationList;
			buildConfigurations = (
				A1047 /* Debug */,
				A1048 /* Release */,
			);
			defaultConfigurationIsVisible = 0;
			defaultConfigurationName = Release;
		};
		A1041 /* Build configuration list for PBXNativeTarget "HabitWidgetExtension" */ = {
			isa = XCConfigurationList;
			buildConfigurations = (
				A1049 /* Debug */,
				A1050 /* Release */,
			);
			defaultConfigurationIsVisible = 0;
			defaultConfigurationName = Release;
		};
		A1044 /* Build configuration list for PBXProject "StrikeChart" */ = {
			isa = XCConfigurationList;
			buildConfigurations = (
				A1045 /* Debug */,
				A1046 /* Release */,
			);
			defaultConfigurationIsVisible = 0;
			defaultConfigurationName = Release;
		};
/* End XCConfigurationList section */
	};
	rootObject = A1019 /* Project object */;
}
